
Microsoft Visual Studio Solution File, Format Version 12.00
# Visual Studio 2012
Project("{F184B08F-C81C-45F6-A57F-5ABD9991F28F}") = "Super size", "Super size\Super size.vbproj", "{0DD31583-FA9D-4923-AAE6-393A8ABB7748}"
EndProject
Project("{F184B08F-C81C-45F6-A57F-5ABD9991F28F}") = "Donut Shop Program", "..\Donut Shop Program\Donut Shop Program\Donut Shop Program.vbproj", "{0C887FAC-0745-4CF5-B571-12E9179789E9}"
EndProject
Global
	GlobalSection(SolutionConfigurationPlatforms) = preSolution
		Debug|Any CPU = Debug|Any CPU
		Release|Any CPU = Release|Any CPU
	EndGlobalSection
	GlobalSection(ProjectConfigurationPlatforms) = postSolution
		{0DD31583-FA9D-4923-AAE6-393A8ABB7748}.Debug|Any CPU.ActiveCfg = Debug|Any CPU
		{0DD31583-FA9D-4923-AAE6-393A8ABB7748}.Debug|Any CPU.Build.0 = Debug|Any CPU
		{0DD31583-FA9D-4923-AAE6-393A8ABB7748}.Release|Any CPU.ActiveCfg = Release|Any CPU
		{0DD31583-FA9D-4923-AAE6-393A8ABB7748}.Release|Any CPU.Build.0 = Release|Any CPU
		{0C887FAC-0745-4CF5-B571-12E9179789E9}.Debug|Any CPU.ActiveCfg = Debug|Any CPU
		{0C887FAC-0745-4CF5-B571-12E9179789E9}.Debug|Any CPU.Build.0 = Debug|Any CPU
		{0C887FAC-0745-4CF5-B571-12E9179789E9}.Release|Any CPU.ActiveCfg = Release|Any CPU
		{0C887FAC-0745-4CF5-B571-12E9179789E9}.Release|Any CPU.Build.0 = Release|Any CPU
	EndGlobalSection
	GlobalSection(SolutionProperties) = preSolution
		HideSolutionNode = FALSE
	EndGlobalSection
EndGlobal
